
Microsoft Visual Studio Solution File, Format Version 12.00
# Visual Studio Version 17
VisualStudioVersion = 17.0.32112.339
MinimumVisualStudioVersion = 10.0.40219.1
Project("{FAE04EC0-301F-11D3-BF4B-00C04F79EFBC}") = "PresentationLayer", "WindowsFormsApp1\PresentationLayer.csproj", "{4F7471F3-6237-4A93-B976-02BB5C060BA4}"
	ProjectSection(ProjectDependencies) = postProject
		{EF339297-4895-4A9B-ACE3-C493E2EB1E30} = {EF339297-4895-4A9B-ACE3-C493E2EB1E30}
		{048DCAD6-76B6-4042-B9C6-062A05443D43} = {048DCAD6-76B6-4042-B9C6-062A05443D43}
	EndProjectSection
EndProject
Project("{FAE04EC0-301F-11D3-BF4B-00C04F79EFBC}") = "LogicLayer1", "LogicLayer1\LogicLayer1.csproj", "{EF339297-4895-4A9B-ACE3-C493E2EB1E30}"
	ProjectSection(ProjectDependencies) = postProject
		{E851E39A-0029-4188-AE1A-77C1FD159A73} = {E851E39A-0029-4188-AE1A-77C1FD159A73}
		{048DCAD6-76B6-4042-B9C6-062A05443D43} = {048DCAD6-76B6-4042-B9C6-062A05443D43}
	EndProjectSection
EndProject
Project("{FAE04EC0-301F-11D3-BF4B-00C04F79EFBC}") = "DataAccessLayer1", "DataAccessLayer1\DataAccessLayer1.csproj", "{E851E39A-0029-4188-AE1A-77C1FD159A73}"
	ProjectSection(ProjectDependencies) = postProject
		{048DCAD6-76B6-4042-B9C6-062A05443D43} = {048DCAD6-76B6-4042-B9C6-062A05443D43}
	EndProjectSection
EndProject
Project("{FAE04EC0-301F-11D3-BF4B-00C04F79EFBC}") = "DataObjects1", "DataObjects1\DataObjects1.csproj", "{048DCAD6-76B6-4042-B9C6-062A05443D43}"
EndProject
Global
	GlobalSection(SolutionConfigurationPlatforms) = preSolution
		Debug|Any CPU = Debug|Any CPU
		Release|Any CPU = Release|Any CPU
	EndGlobalSection
	GlobalSection(ProjectConfigurationPlatforms) = postSolution
		{4F7471F3-6237-4A93-B976-02BB5C060BA4}.Debug|Any CPU.ActiveCfg = Debug|Any CPU
		{4F7471F3-6237-4A93-B976-02BB5C060BA4}.Debug|Any CPU.Build.0 = Debug|Any CPU
		{4F7471F3-6237-4A93-B976-02BB5C060BA4}.Release|Any CPU.ActiveCfg = Release|Any CPU
		{4F7471F3-6237-4A93-B976-02BB5C060BA4}.Release|Any CPU.Build.0 = Release|Any CPU
		{EF339297-4895-4A9B-ACE3-C493E2EB1E30}.Debug|Any CPU.ActiveCfg = Debug|Any CPU
		{EF339297-4895-4A9B-ACE3-C493E2EB1E30}.Debug|Any CPU.Build.0 = Debug|Any CPU
		{EF339297-4895-4A9B-ACE3-C493E2EB1E30}.Release|Any CPU.ActiveCfg = Release|Any CPU
		{EF339297-4895-4A9B-ACE3-C493E2EB1E30}.Release|Any CPU.Build.0 = Release|Any CPU
		{E851E39A-0029-4188-AE1A-77C1FD159A73}.Debug|Any CPU.ActiveCfg = Debug|Any CPU
		{E851E39A-0029-4188-AE1A-77C1FD159A73}.Debug|Any CPU.Build.0 = Debug|Any CPU
		{E851E39A-0029-4188-AE1A-77C1FD159A73}.Release|Any CPU.ActiveCfg = Release|Any CPU
		{E851E39A-0029-4188-AE1A-77C1FD159A73}.Release|Any CPU.Build.0 = Release|Any CPU
		{048DCAD6-76B6-4042-B9C6-062A05443D43}.Debug|Any CPU.ActiveCfg = Debug|Any CPU
		{048DCAD6-76B6-4042-B9C6-062A05443D43}.Debug|Any CPU.Build.0 = Debug|Any CPU
		{048DCAD6-76B6-4042-B9C6-062A05443D43}.Release|Any CPU.ActiveCfg = Release|Any CPU
		{048DCAD6-76B6-4042-B9C6-062A05443D43}.Release|Any CPU.Build.0 = Release|Any CPU
	EndGlobalSection
	GlobalSection(SolutionProperties) = preSolution
		HideSolutionNode = FALSE
	EndGlobalSection
	GlobalSection(ExtensibilityGlobals) = postSolution
		SolutionGuid = {6FD6FEB9-5CCB-403F-98D9-7C797CB3EFD9}
	EndGlobalSection
EndGlobal
